
Microsoft Visual Studio Solution File, Format Version 12.00
# Visual Studio Version 16
VisualStudioVersion = 16.0.30114.105
MinimumVisualStudioVersion = 10.0.40219.1
Project("{FAE04EC0-301F-11D3-BF4B-00C04F79EFBC}") = "SPROUTEXAM.Api", "SPROUTEXAM.Api\SPROUTEXAM.Api.csproj", "{3E26F6E4-E9A7-45CE-90B0-3E21F6D74500}"
EndProject
Project("{FAE04EC0-301F-11D3-BF4B-00C04F79EFBC}") = "SPROUTEXAM.Application", "SPROUTEXAM.Application\SPROUTEXAM.Application.csproj", "{461E8DF2-27C1-4376-9A2A-9D2CABDDB1D3}"
EndProject
Project("{FAE04EC0-301F-11D3-BF4B-00C04F79EFBC}") = "SPROUTEXAM.Domain", "SPROUTEXAM.Domain\SPROUTEXAM.Domain.csproj", "{B35DDF1C-DE60-4F9B-9A07-119E22257D21}"
EndProject
Project("{FAE04EC0-301F-11D3-BF4B-00C04F79EFBC}") = "SPROUTEXAM.Infrastructure", "SPROUTEXAM.Infrastructure\SPROUTEXAM.Infrastructure.csproj", "{C263FCDD-1D3A-4B54-BCC9-FC6EC12F9E20}"
EndProject
Project("{FAE04EC0-301F-11D3-BF4B-00C04F79EFBC}") = "SPROUTEXAM.Services", "SPROUTEXAM.Services\SPROUTEXAM.Services.csproj", "{6A97D853-E1D0-4A71-8BDD-E7E5180BE569}"
EndProject
Project("{FAE04EC0-301F-11D3-BF4B-00C04F79EFBC}") = "SPROUTEXAM.Tests", "SPROUTEXAM.Tests\SPROUTEXAM.Tests.csproj", "{8E7B6F73-4229-433B-AE2B-314F792E2116}"
EndProject
Global
	GlobalSection(SolutionConfigurationPlatforms) = preSolution
		Debug|Any CPU = Debug|Any CPU
		Debug|x64 = Debug|x64
		Debug|x86 = Debug|x86
		Release|Any CPU = Release|Any CPU
		Release|x64 = Release|x64
		Release|x86 = Release|x86
	EndGlobalSection
	GlobalSection(SolutionProperties) = preSolution
		HideSolutionNode = FALSE
	EndGlobalSection
	GlobalSection(ProjectConfigurationPlatforms) = postSolution
		{3E26F6E4-E9A7-45CE-90B0-3E21F6D74500}.Debug|Any CPU.ActiveCfg = Debug|Any CPU
		{3E26F6E4-E9A7-45CE-90B0-3E21F6D74500}.Debug|Any CPU.Build.0 = Debug|Any CPU
		{3E26F6E4-E9A7-45CE-90B0-3E21F6D74500}.Debug|x64.ActiveCfg = Debug|Any CPU
		{3E26F6E4-E9A7-45CE-90B0-3E21F6D74500}.Debug|x64.Build.0 = Debug|Any CPU
		{3E26F6E4-E9A7-45CE-90B0-3E21F6D74500}.Debug|x86.ActiveCfg = Debug|Any CPU
		{3E26F6E4-E9A7-45CE-90B0-3E21F6D74500}.Debug|x86.Build.0 = Debug|Any CPU
		{3E26F6E4-E9A7-45CE-90B0-3E21F6D74500}.Release|Any CPU.ActiveCfg = Release|Any CPU
		{3E26F6E4-E9A7-45CE-90B0-3E21F6D74500}.Release|Any CPU.Build.0 = Release|Any CPU
		{3E26F6E4-E9A7-45CE-90B0-3E21F6D74500}.Release|x64.ActiveCfg = Release|Any CPU
		{3E26F6E4-E9A7-45CE-90B0-3E21F6D74500}.Release|x64.Build.0 = Release|Any CPU
		{3E26F6E4-E9A7-45CE-90B0-3E21F6D74500}.Release|x86.ActiveCfg = Release|Any CPU
		{3E26F6E4-E9A7-45CE-90B0-3E21F6D74500}.Release|x86.Build.0 = Release|Any CPU
		{461E8DF2-27C1-4376-9A2A-9D2CABDDB1D3}.Debug|Any CPU.ActiveCfg = Debug|Any CPU
		{461E8DF2-27C1-4376-9A2A-9D2CABDDB1D3}.Debug|Any CPU.Build.0 = Debug|Any CPU
		{461E8DF2-27C1-4376-9A2A-9D2CABDDB1D3}.Debug|x64.ActiveCfg = Debug|Any CPU
		{461E8DF2-27C1-4376-9A2A-9D2CABDDB1D3}.Debug|x64.Build.0 = Debug|Any CPU
		{461E8DF2-27C1-4376-9A2A-9D2CABDDB1D3}.Debug|x86.ActiveCfg = Debug|Any CPU
		{461E8DF2-27C1-4376-9A2A-9D2CABDDB1D3}.Debug|x86.Build.0 = Debug|Any CPU
		{461E8DF2-27C1-4376-9A2A-9D2CABDDB1D3}.Release|Any CPU.ActiveCfg = Release|Any CPU
		{461E8DF2-27C1-4376-9A2A-9D2CABDDB1D3}.Release|Any CPU.Build.0 = Release|Any CPU
		{461E8DF2-27C1-4376-9A2A-9D2CABDDB1D3}.Release|x64.ActiveCfg = Release|Any CPU
		{461E8DF2-27C1-4376-9A2A-9D2CABDDB1D3}.Release|x64.Build.0 = Release|Any CPU
		{461E8DF2-27C1-4376-9A2A-9D2CABDDB1D3}.Release|x86.ActiveCfg = Release|Any CPU
		{461E8DF2-27C1-4376-9A2A-9D2CABDDB1D3}.Release|x86.Build.0 = Release|Any CPU
		{B35DDF1C-DE60-4F9B-9A07-119E22257D21}.Debug|Any CPU.ActiveCfg = Debug|Any CPU
		{B35DDF1C-DE60-4F9B-9A07-119E22257D21}.Debug|Any CPU.Build.0 = Debug|Any CPU
		{B35DDF1C-DE60-4F9B-9A07-119E22257D21}.Debug|x64.ActiveCfg = Debug|Any CPU
		{B35DDF1C-DE60-4F9B-9A07-119E22257D21}.Debug|x64.Build.0 = Debug|Any CPU
		{B35DDF1C-DE60-4F9B-9A07-119E22257D21}.Debug|x86.ActiveCfg = Debug|Any CPU
		{B35DDF1C-DE60-4F9B-9A07-119E22257D21}.Debug|x86.Build.0 = Debug|Any CPU
		{B35DDF1C-DE60-4F9B-9A07-119E22257D21}.Release|Any CPU.ActiveCfg = Release|Any CPU
		{B35DDF1C-DE60-4F9B-9A07-119E22257D21}.Release|Any CPU.Build.0 = Release|Any CPU
		{B35DDF1C-DE60-4F9B-9A07-119E22257D21}.Release|x64.ActiveCfg = Release|Any CPU
		{B35DDF1C-DE60-4F9B-9A07-119E22257D21}.Release|x64.Build.0 = Release|Any CPU
		{B35DDF1C-DE60-4F9B-9A07-119E22257D21}.Release|x86.ActiveCfg = Release|Any CPU
		{B35DDF1C-DE60-4F9B-9A07-119E22257D21}.Release|x86.Build.0 = Release|Any CPU
		{C263FCDD-1D3A-4B54-BCC9-FC6EC12F9E20}.Debug|Any CPU.ActiveCfg = Debug|Any CPU
		{C263FCDD-1D3A-4B54-BCC9-FC6EC12F9E20}.Debug|Any CPU.Build.0 = Debug|Any CPU
		{C263FCDD-1D3A-4B54-BCC9-FC6EC12F9E20}.Debug|x64.ActiveCfg = Debug|Any CPU
		{C263FCDD-1D3A-4B54-BCC9-FC6EC12F9E20}.Debug|x64.Build.0 = Debug|Any CPU
		{C263FCDD-1D3A-4B54-BCC9-FC6EC12F9E20}.Debug|x86.ActiveCfg = Debug|Any CPU
		{C263FCDD-1D3A-4B54-BCC9-FC6EC12F9E20}.Debug|x86.Build.0 = Debug|Any CPU
		{C263FCDD-1D3A-4B54-BCC9-FC6EC12F9E20}.Release|Any CPU.ActiveCfg = Release|Any CPU
		{C263FCDD-1D3A-4B54-BCC9-FC6EC12F9E20}.Release|Any CPU.Build.0 = Release|Any CPU
		{C263FCDD-1D3A-4B54-BCC9-FC6EC12F9E20}.Release|x64.ActiveCfg = Release|Any CPU
		{C263FCDD-1D3A-4B54-BCC9-FC6EC12F9E20}.Release|x64.Build.0 = Release|Any CPU
		{C263FCDD-1D3A-4B54-BCC9-FC6EC12F9E20}.Release|x86.ActiveCfg = Release|Any CPU
		{C263FCDD-1D3A-4B54-BCC9-FC6EC12F9E20}.Release|x86.Build.0 = Release|Any CPU
		{6A97D853-E1D0-4A71-8BDD-E7E5180BE569}.Debug|Any CPU.ActiveCfg = Debug|Any CPU
		{6A97D853-E1D0-4A71-8BDD-E7E5180BE569}.Debug|Any CPU.Build.0 = Debug|Any CPU
		{6A97D853-E1D0-4A71-8BDD-E7E5180BE569}.Debug|x64.ActiveCfg = Debug|Any CPU
		{6A97D853-E1D0-4A71-8BDD-E7E5180BE569}.Debug|x64.Build.0 = Debug|Any CPU
		{6A97D853-E1D0-4A71-8BDD-E7E5180BE569}.Debug|x86.ActiveCfg = Debug|Any CPU
		{6A97D853-E1D0-4A71-8BDD-E7E5180BE569}.Debug|x86.Build.0 = Debug|Any CPU
		{6A97D853-E1D0-4A71-8BDD-E7E5180BE569}.Release|Any CPU.ActiveCfg = Release|Any CPU
		{6A97D853-E1D0-4A71-8BDD-E7E5180BE569}.Release|Any CPU.Build.0 = Release|Any CPU
		{6A97D853-E1D0-4A71-8BDD-E7E5180BE569}.Release|x64.ActiveCfg = Release|Any CPU
		{6A97D853-E1D0-4A71-8BDD-E7E5180BE569}.Release|x64.Build.0 = Release|Any CPU
		{6A97D853-E1D0-4A71-8BDD-E7E5180BE569}.Release|x86.ActiveCfg = Release|Any CPU
		{6A97D853-E1D0-4A71-8BDD-E7E5180BE569}.Release|x86.Build.0 = Release|Any CPU
		{8E7B6F73-4229-433B-AE2B-314F792E2116}.Debug|Any CPU.ActiveCfg = Debug|Any CPU
		{8E7B6F73-4229-433B-AE2B-314F792E2116}.Debug|Any CPU.Build.0 = Debug|Any CPU
		{8E7B6F73-4229-433B-AE2B-314F792E2116}.Debug|x64.ActiveCfg = Debug|Any CPU
		{8E7B6F73-4229-433B-AE2B-314F792E2116}.Debug|x64.Build.0 = Debug|Any CPU
		{8E7B6F73-4229-433B-AE2B-314F792E2116}.Debug|x86.ActiveCfg = Debug|Any CPU
		{8E7B6F73-4229-433B-AE2B-314F792E2116}.Debug|x86.Build.0 = Debug|Any CPU
		{8E7B6F73-4229-433B-AE2B-314F792E2116}.Release|Any CPU.ActiveCfg = Release|Any CPU
		{8E7B6F73-4229-433B-AE2B-314F792E2116}.Release|Any CPU.Build.0 = Release|Any CPU
		{8E7B6F73-4229-433B-AE2B-314F792E2116}.Release|x64.ActiveCfg = Release|Any CPU
		{8E7B6F73-4229-433B-AE2B-314F792E2116}.Release|x64.Build.0 = Release|Any CPU
		{8E7B6F73-4229-433B-AE2B-314F792E2116}.Release|x86.ActiveCfg = Release|Any CPU
		{8E7B6F73-4229-433B-AE2B-314F792E2116}.Release|x86.Build.0 = Release|Any CPU
	EndGlobalSection
EndGlobal
